
Microsoft Visual Studio Solution File, Format Version 12.00
# Visual Studio Version 17
VisualStudioVersion = 17.7.34202.233
MinimumVisualStudioVersion = 10.0.40219.1
Project("{FAE04EC0-301F-11D3-BF4B-00C04F79EFBC}") = "AsyncronousExamples", "AsyncronousExamples\AsyncronousExamples.csproj", "{9395DFB6-C803-4421-BD12-A068166ADD3C}"
EndProject
Global
	GlobalSection(SolutionConfigurationPlatforms) = preSolution
		Debug|Any CPU = Debug|Any CPU
		Release|Any CPU = Release|Any CPU
	EndGlobalSection
	GlobalSection(ProjectConfigurationPlatforms) = postSolution
		{9395DFB6-C803-4421-BD12-A068166ADD3C}.Debug|Any CPU.ActiveCfg = Debug|Any CPU
		{9395DFB6-C803-4421-BD12-A068166ADD3C}.Debug|Any CPU.Build.0 = Debug|Any CPU
		{9395DFB6-C803-4421-BD12-A068166ADD3C}.Release|Any CPU.ActiveCfg = Release|Any CPU
		{9395DFB6-C803-4421-BD12-A068166ADD3C}.Release|Any CPU.Build.0 = Release|Any CPU
	EndGlobalSection
	GlobalSection(SolutionProperties) = preSolution
		HideSolutionNode = FALSE
	EndGlobalSection
	GlobalSection(ExtensibilityGlobals) = postSolution
		SolutionGuid = {76A4A2EE-6BC6-4645-9007-C89A19E33EFB}
	EndGlobalSection
EndGlobal
